# This file is automatically @generated by Cargo.
# It is not intended for manual editing.
version = 3

[[package]]
name = "bitflags"
version = "2.5.0"
source = "registry+https://github.com/rust-lang/crates.io-index"
checksum = "cf4b9d6a944f767f8e5e0db018570623c85f3d925ac718db4e06d0187adb21c1"

[[package]]
name = "byteorder"
version = "1.5.0"
source = "registry+https://github.com/rust-lang/crates.io-index"
checksum = "1fd0f2584146f6f2ef48085050886acf353beff7305ebd1ae69500e27c67f64b"

[[package]]
name = "efivar"
version = "2.0.0"
source = "registry+https://github.com/rust-lang/crates.io-index"
checksum = "b9d0546b8d27d77742e0e95cb2e3ff8ebb16e487f093ab7564ca7ece9c9a0421"
dependencies = [
 "bitflags",
 "byteorder",
 "lazy_static",
 "ntapi",
 "thiserror",
 "uuid",
 "winapi",
]

[[package]]
name = "lazy_static"
version = "1.4.0"
source = "registry+https://github.com/rust-lang/crates.io-index"
checksum = "e2abad23fbc42b3700f2f279844dc832adb2b2eb069b2df918f455c4e18cc646"

[[package]]
name = "ntapi"
version = "0.4.1"
source = "registry+https://github.com/rust-lang/crates.io-index"
checksum = "e8a3895c6391c39d7fe7ebc444a87eb2991b2a0bc718fdabd071eec617fc68e4"
dependencies = [
 "winapi",
]

[[package]]
name = "proc-macro2"
version = "1.0.82"
source = "registry+https://github.com/rust-lang/crates.io-index"
checksum = "8ad3d49ab951a01fbaafe34f2ec74122942fe18a3f9814c3268f1bb72042131b"
dependencies = [
 "unicode-ident",
]

[[package]]
name = "quote"
version = "1.0.36"
source = "registry+https://github.com/rust-lang/crates.io-index"
checksum = "0fa76aaf39101c457836aec0ce2316dbdc3ab723cdda1c6bd4e6ad4208acaca7"
dependencies = [
 "proc-macro2",
]

[[package]]
name = "serde"
version = "1.0.201"
source = "registry+https://github.com/rust-lang/crates.io-index"
checksum = "780f1cebed1629e4753a1a38a3c72d30b97ec044f0aef68cb26650a3c5cf363c"
dependencies = [
 "serde_derive",
]

[[package]]
name = "serde_derive"
version = "1.0.201"
source = "registry+https://github.com/rust-lang/crates.io-index"
checksum = "c5e405930b9796f1c00bee880d03fc7e0bb4b9a11afc776885ffe84320da2865"
dependencies = [
 "proc-macro2",
 "quote",
 "syn",
]

[[package]]
name = "syn"
version = "2.0.63"
source = "registry+https://github.com/rust-lang/crates.io-index"
checksum = "bf5be731623ca1a1fb7d8be6f261a3be6d3e2337b8a1f97be944d020c8fcb704"
dependencies = [
 "proc-macro2",
 "quote",
 "unicode-ident",
]

[[package]]
name = "systemd-boot-switcher"
version = "0.1.0"
dependencies = [
 "efivar",
 "uuid",
]

[[package]]
name = "thiserror"
version = "1.0.60"
source = "registry+https://github.com/rust-lang/crates.io-index"
checksum = "579e9083ca58dd9dcf91a9923bb9054071b9ebbd800b342194c9feb0ee89fc18"
dependencies = [
 "thiserror-impl",
]

[[package]]
name = "thiserror-impl"
version = "1.0.60"
source = "registry+https://github.com/rust-lang/crates.io-index"
checksum = "e2470041c06ec3ac1ab38d0356a6119054dedaea53e12fbefc0de730a1c08524"
dependencies = [
 "proc-macro2",
 "quote",
 "syn",
]

[[package]]
name = "unicode-ident"
version = "1.0.12"
source = "registry+https://github.com/rust-lang/crates.io-index"
checksum = "3354b9ac3fae1ff6755cb6db53683adb661634f67557942dea4facebec0fee4b"

[[package]]
name = "uuid"
version = "1.8.0"
source = "registry+https://github.com/rust-lang/crates.io-index"
checksum = "a183cf7feeba97b4dd1c0d46788634f6221d87fa961b305bed08c851829efcc0"
dependencies = [
 "serde",
]

[[package]]
name = "winapi"
version = "0.3.9"
source = "registry+https://github.com/rust-lang/crates.io-index"
checksum = "5c839a674fcd7a98952e593242ea400abe93992746761e38641405d28b00f419"
dependencies = [
 "winapi-i686-pc-windows-gnu",
 "winapi-x86_64-pc-windows-gnu",
]

[[package]]
name = "winapi-i686-pc-windows-gnu"
version = "0.4.0"
source = "registry+https://github.com/rust-lang/crates.io-index"
checksum = "ac3b87c63620426dd9b991e5ce0329eff545bccbbb34f3be09ff6fb6ab51b7b6"

[[package]]
name = "winapi-x86_64-pc-windows-gnu"
version = "0.4.0"
source = "registry+https://github.com/rust-lang/crates.io-index"
checksum = "712e227841d057c1ee1cd2fb22fa7e5a5461ae8e48fa2ca79ec42cfc1931183f"
